
Microsoft Visual Studio Solution File, Format Version 12.00
# Visual Studio Version 17
VisualStudioVersion = 17.9.34723.18
MinimumVisualStudioVersion = 10.0.40219.1
Project("{9A19103F-16F7-4668-BE54-9A1E7A4F7556}") = "AIS_Airport.Relational", "AIS_Airoport.Relational\AIS_Airport.Relational.csproj", "{4172811A-BAF5-4950-8F9F-0A21E194C11F}"
EndProject
Project("{9A19103F-16F7-4668-BE54-9A1E7A4F7556}") = "AIS_Airport", "AIS_Airoport\AIS_Airport.csproj", "{9749B017-1AD6-4CB7-8CBF-86C03232ADF1}"
EndProject
Project("{9A19103F-16F7-4668-BE54-9A1E7A4F7556}") = "AIS_Airport.Core", "AIS_Airoport.Core\AIS_Airport.Core.csproj", "{B75E4256-84A8-42C8-B0FB-E296DC536B0B}"
EndProject
Global
	GlobalSection(SolutionConfigurationPlatforms) = preSolution
		Debug|Any CPU = Debug|Any CPU
		Release|Any CPU = Release|Any CPU
	EndGlobalSection
	GlobalSection(ProjectConfigurationPlatforms) = postSolution
		{4172811A-BAF5-4950-8F9F-0A21E194C11F}.Debug|Any CPU.ActiveCfg = Debug|Any CPU
		{4172811A-BAF5-4950-8F9F-0A21E194C11F}.Debug|Any CPU.Build.0 = Debug|Any CPU
		{4172811A-BAF5-4950-8F9F-0A21E194C11F}.Release|Any CPU.ActiveCfg = Release|Any CPU
		{4172811A-BAF5-4950-8F9F-0A21E194C11F}.Release|Any CPU.Build.0 = Release|Any CPU
		{9749B017-1AD6-4CB7-8CBF-86C03232ADF1}.Debug|Any CPU.ActiveCfg = Debug|Any CPU
		{9749B017-1AD6-4CB7-8CBF-86C03232ADF1}.Debug|Any CPU.Build.0 = Debug|Any CPU
		{9749B017-1AD6-4CB7-8CBF-86C03232ADF1}.Release|Any CPU.ActiveCfg = Release|Any CPU
		{9749B017-1AD6-4CB7-8CBF-86C03232ADF1}.Release|Any CPU.Build.0 = Release|Any CPU
		{B75E4256-84A8-42C8-B0FB-E296DC536B0B}.Debug|Any CPU.ActiveCfg = Debug|Any CPU
		{B75E4256-84A8-42C8-B0FB-E296DC536B0B}.Debug|Any CPU.Build.0 = Debug|Any CPU
		{B75E4256-84A8-42C8-B0FB-E296DC536B0B}.Release|Any CPU.ActiveCfg = Release|Any CPU
		{B75E4256-84A8-42C8-B0FB-E296DC536B0B}.Release|Any CPU.Build.0 = Release|Any CPU
	EndGlobalSection
	GlobalSection(SolutionProperties) = preSolution
		HideSolutionNode = FALSE
	EndGlobalSection
	GlobalSection(ExtensibilityGlobals) = postSolution
		SolutionGuid = {7E3BB414-BE84-4A2D-93A3-F429D67E33BB}
	EndGlobalSection
EndGlobal
